
Microsoft Visual Studio Solution File, Format Version 12.00
# Visual Studio 15
Project("{FAE04EC0-301F-11D3-BF4B-00C04F79EFBC}") = "UnityEngine.UI", "UnityEngine.UI.csproj", "{95A13A3A-E69C-DDBC-95C1-FA917E927760}"
EndProject
Project("{FAE04EC0-301F-11D3-BF4B-00C04F79EFBC}") = "UnityEngine.TestRunner", "UnityEngine.TestRunner.csproj", "{A5652A78-5ACE-5B10-644E-983F4251518C}"
EndProject
Project("{FAE04EC0-301F-11D3-BF4B-00C04F79EFBC}") = "Unity.Mathematics", "Unity.Mathematics.csproj", "{55E86334-AF6F-453E-963F-6774730F4350}"
EndProject
Project("{FAE04EC0-301F-11D3-BF4B-00C04F79EFBC}") = "Unity.2D.Animation.Triangle.Runtime", "Unity.2D.Animation.Triangle.Runtime.csproj", "{B1609F83-0779-0714-A59B-5619DF41A926}"
EndProject
Project("{FAE04EC0-301F-11D3-BF4B-00C04F79EFBC}") = "Unity.Timeline", "Unity.Timeline.csproj", "{AF584C73-EFAB-684B-4B54-2C4ED332917D}"
EndProject
Project("{FAE04EC0-301F-11D3-BF4B-00C04F79EFBC}") = "Unity.TextMeshPro", "Unity.TextMeshPro.csproj", "{5C42FF70-4FF5-61AA-56CB-65A8C0893474}"
EndProject
Project("{FAE04EC0-301F-11D3-BF4B-00C04F79EFBC}") = "Unity.2D.Animation.Runtime", "Unity.2D.Animation.Runtime.csproj", "{A584DF6F-5428-754E-3F8F-2CDC6125414D}"
EndProject
Project("{FAE04EC0-301F-11D3-BF4B-00C04F79EFBC}") = "Unity.2D.IK.Runtime", "Unity.2D.IK.Runtime.csproj", "{FA47C4B9-9B9E-7B8D-4590-528D159E9F25}"
EndProject
Project("{FAE04EC0-301F-11D3-BF4B-00C04F79EFBC}") = "Unity.2D.SpriteShape.Runtime", "Unity.2D.SpriteShape.Runtime.csproj", "{84994BD6-36E9-90D7-A3EE-9242A76C8454}"
EndProject
Project("{FAE04EC0-301F-11D3-BF4B-00C04F79EFBC}") = "Unity.2D.PixelPerfect", "Unity.2D.PixelPerfect.csproj", "{6BF2439C-FD7F-8AAE-4044-527139F1BA40}"
EndProject
Project("{FAE04EC0-301F-11D3-BF4B-00C04F79EFBC}") = "Unity.2D.Common.Runtime", "Unity.2D.Common.Runtime.csproj", "{C52F731A-3436-38B8-EAD5-13AF9EE3B6BE}"
EndProject
Project("{FAE04EC0-301F-11D3-BF4B-00C04F79EFBC}") = "Assembly-CSharp", "Assembly-CSharp.csproj", "{A9764636-1F74-139E-3882-51B092585AC9}"
EndProject
Project("{FAE04EC0-301F-11D3-BF4B-00C04F79EFBC}") = "Unity.InternalAPIEngineBridge.001", "Unity.InternalAPIEngineBridge.001.csproj", "{6ACCEFD5-1143-C8C6-45E0-30789308D540}"
EndProject
Project("{FAE04EC0-301F-11D3-BF4B-00C04F79EFBC}") = "UnityEditor.TestRunner", "UnityEditor.TestRunner.csproj", "{20EBAE19-39C0-67F6-9B8D-DEBFF22FC477}"
EndProject
Project("{FAE04EC0-301F-11D3-BF4B-00C04F79EFBC}") = "Unity.PlasticSCM.Editor", "Unity.PlasticSCM.Editor.csproj", "{824A8EEA-71DF-BA88-CC4A-8FD8A1693CAF}"
EndProject
Project("{FAE04EC0-301F-11D3-BF4B-00C04F79EFBC}") = "UnityEditor.UI", "UnityEditor.UI.csproj", "{D6E4A0DF-50F6-F351-FA26-435E1543E75F}"
EndProject
Project("{FAE04EC0-301F-11D3-BF4B-00C04F79EFBC}") = "Unity.Services.Core.Editor", "Unity.Services.Core.Editor.csproj", "{89F6BEDC-E58E-B590-8C67-364CF9F7EDD4}"
EndProject
Project("{FAE04EC0-301F-11D3-BF4B-00C04F79EFBC}") = "Unity.Timeline.Editor", "Unity.Timeline.Editor.csproj", "{1DA527D1-3A3D-2AFF-8E35-F10D8ED8A33F}"
EndProject
Project("{FAE04EC0-301F-11D3-BF4B-00C04F79EFBC}") = "Unity.VisualStudio.Editor", "Unity.VisualStudio.Editor.csproj", "{4D732EA0-7EF4-3EEC-FE31-A71894BFCF1B}"
EndProject
Project("{FAE04EC0-301F-11D3-BF4B-00C04F79EFBC}") = "Unity.2D.Psdimporter.Editor", "Unity.2D.Psdimporter.Editor.csproj", "{1DAFBAA1-CA92-92E5-1205-D02A95FE58A6}"
EndProject
Project("{FAE04EC0-301F-11D3-BF4B-00C04F79EFBC}") = "Unity.2D.Animation.Editor", "Unity.2D.Animation.Editor.csproj", "{9AD20DF3-9E4C-D8A0-4648-FB8BB30BB872}"
EndProject
Project("{FAE04EC0-301F-11D3-BF4B-00C04F79EFBC}") = "Unity.TextMeshPro.Editor", "Unity.TextMeshPro.Editor.csproj", "{6BDCD6B7-00EE-88E9-0173-3F3272E11691}"
EndProject
Project("{FAE04EC0-301F-11D3-BF4B-00C04F79EFBC}") = "Unity.2D.SpriteShape.Editor", "Unity.2D.SpriteShape.Editor.csproj", "{A95640B4-DD93-C4B9-4293-DFF85083B21A}"
EndProject
Project("{FAE04EC0-301F-11D3-BF4B-00C04F79EFBC}") = "Unity.CollabProxy.Editor", "Unity.CollabProxy.Editor.csproj", "{3BC70749-CECE-1C58-94E0-98AF884CD52D}"
EndProject
Project("{FAE04EC0-301F-11D3-BF4B-00C04F79EFBC}") = "PsdPlugin", "PsdPlugin.csproj", "{4921D911-E990-FDEF-39EF-2A2AF382DDA5}"
EndProject
Project("{FAE04EC0-301F-11D3-BF4B-00C04F79EFBC}") = "Unity.2D.Path.Editor", "Unity.2D.Path.Editor.csproj", "{8D3D8462-66A8-4E52-5367-009FF4664137}"
EndProject
Project("{FAE04EC0-301F-11D3-BF4B-00C04F79EFBC}") = "Unity.Rider.Editor", "Unity.Rider.Editor.csproj", "{E64431E8-A5FD-AE8F-8180-E86BD9396023}"
EndProject
Project("{FAE04EC0-301F-11D3-BF4B-00C04F79EFBC}") = "Unity.2D.IK.Editor", "Unity.2D.IK.Editor.csproj", "{FF84FAD2-376A-3E4C-B8D7-346BE252902D}"
EndProject
Project("{FAE04EC0-301F-11D3-BF4B-00C04F79EFBC}") = "Unity.2D.Sprite.Editor", "Unity.2D.Sprite.Editor.csproj", "{52231E2C-BCF9-C108-052C-14D33F1AE2F9}"
EndProject
Project("{FAE04EC0-301F-11D3-BF4B-00C04F79EFBC}") = "Unity.2D.Tilemap.Editor", "Unity.2D.Tilemap.Editor.csproj", "{00ED2A4F-1D31-4973-9007-DA9DF05C7E18}"
EndProject
Project("{FAE04EC0-301F-11D3-BF4B-00C04F79EFBC}") = "Unity.2D.PixelPerfect.Editor", "Unity.2D.PixelPerfect.Editor.csproj", "{C2F5A221-E863-5CE4-8DE4-E4CB3AA56D49}"
EndProject
Project("{FAE04EC0-301F-11D3-BF4B-00C04F79EFBC}") = "Unity.VSCode.Editor", "Unity.VSCode.Editor.csproj", "{9349F69F-3DE1-6965-F51E-016F5F3EFE66}"
EndProject
Project("{FAE04EC0-301F-11D3-BF4B-00C04F79EFBC}") = "Unity.2D.Common.Editor", "Unity.2D.Common.Editor.csproj", "{AD67D964-D561-ECA9-4ADE-92EC516B3DF4}"
EndProject
Project("{FAE04EC0-301F-11D3-BF4B-00C04F79EFBC}") = "Unity.Mathematics.Editor", "Unity.Mathematics.Editor.csproj", "{5E3FDBDD-F9EE-C94A-4E28-03E6E58BF94B}"
EndProject
Project("{FAE04EC0-301F-11D3-BF4B-00C04F79EFBC}") = "Unity.InternalAPIEditorBridge.001", "Unity.InternalAPIEditorBridge.001.csproj", "{0F433843-07BA-6586-D3C3-FD8126E29965}"
EndProject
Project("{FAE04EC0-301F-11D3-BF4B-00C04F79EFBC}") = "UnityEngine.UI", "UnityEngine.UI.Player.csproj", "{A596A538-0D8E-7B94-A304-4BB933CF684E}"
EndProject
Project("{FAE04EC0-301F-11D3-BF4B-00C04F79EFBC}") = "UnityEngine.TestRunner", "UnityEngine.TestRunner.Player.csproj", "{43200477-E649-3B34-E374-D34527380F45}"
EndProject
Project("{FAE04EC0-301F-11D3-BF4B-00C04F79EFBC}") = "Unity.Mathematics", "Unity.Mathematics.Player.csproj", "{84CC8AB7-A248-9AE7-1424-7A3FC036C97F}"
EndProject
Project("{FAE04EC0-301F-11D3-BF4B-00C04F79EFBC}") = "Unity.2D.Animation.Triangle.Runtime", "Unity.2D.Animation.Triangle.Runtime.Player.csproj", "{B62BFCB8-E75D-4429-ED15-ABFCA6548D89}"
EndProject
Project("{FAE04EC0-301F-11D3-BF4B-00C04F79EFBC}") = "Unity.Timeline", "Unity.Timeline.Player.csproj", "{0093CED0-4B2E-572D-7548-0F3739295DE4}"
EndProject
Project("{FAE04EC0-301F-11D3-BF4B-00C04F79EFBC}") = "Unity.TextMeshPro", "Unity.TextMeshPro.Player.csproj", "{8D1F162D-D833-438B-1A59-BC6DB03E6FDF}"
EndProject
Project("{FAE04EC0-301F-11D3-BF4B-00C04F79EFBC}") = "Unity.2D.Animation.Runtime", "Unity.2D.Animation.Runtime.Player.csproj", "{EA180602-F7A6-86E0-FB1E-A6A9B98E7709}"
EndProject
Project("{FAE04EC0-301F-11D3-BF4B-00C04F79EFBC}") = "Unity.2D.IK.Runtime", "Unity.2D.IK.Runtime.Player.csproj", "{9249546A-70E4-3053-8B32-3956290CC123}"
EndProject
Project("{FAE04EC0-301F-11D3-BF4B-00C04F79EFBC}") = "Unity.2D.SpriteShape.Runtime", "Unity.2D.SpriteShape.Runtime.Player.csproj", "{8ADA463F-7A6B-FB35-0C25-E57A4B62576E}"
EndProject
Project("{FAE04EC0-301F-11D3-BF4B-00C04F79EFBC}") = "Unity.2D.PixelPerfect", "Unity.2D.PixelPerfect.Player.csproj", "{67374097-016D-915F-CC64-285962E9CE60}"
EndProject
Project("{FAE04EC0-301F-11D3-BF4B-00C04F79EFBC}") = "Unity.2D.Common.Runtime", "Unity.2D.Common.Runtime.Player.csproj", "{3D0EF91B-9A89-8030-81A8-7FDFA75FE573}"
EndProject
Project("{FAE04EC0-301F-11D3-BF4B-00C04F79EFBC}") = "Assembly-CSharp", "Assembly-CSharp.Player.csproj", "{065A2F0C-6BC3-FCAF-DD45-A03199440C11}"
EndProject
Project("{FAE04EC0-301F-11D3-BF4B-00C04F79EFBC}") = "Unity.InternalAPIEngineBridge.001", "Unity.InternalAPIEngineBridge.001.Player.csproj", "{3A2C316A-FCD1-07B2-445E-1ACF398A9808}"
EndProject
Global
	GlobalSection(SolutionConfigurationPlatforms) = preSolution
		Debug|Any CPU = Debug|Any CPU
		Release|Any CPU = Release|Any CPU
	EndGlobalSection
	GlobalSection(ProjectConfigurationPlatforms) = postSolution
		{95A13A3A-E69C-DDBC-95C1-FA917E927760}.Debug|Any CPU.ActiveCfg = Debug|Any CPU
		{95A13A3A-E69C-DDBC-95C1-FA917E927760}.Debug|Any CPU.Build.0 = Debug|Any CPU
		{95A13A3A-E69C-DDBC-95C1-FA917E927760}.Release|Any CPU.ActiveCfg = Release|Any CPU
		{95A13A3A-E69C-DDBC-95C1-FA917E927760}.Release|Any CPU.Build.0 = Release|Any CPU
		{A5652A78-5ACE-5B10-644E-983F4251518C}.Debug|Any CPU.ActiveCfg = Debug|Any CPU
		{A5652A78-5ACE-5B10-644E-983F4251518C}.Debug|Any CPU.Build.0 = Debug|Any CPU
		{A5652A78-5ACE-5B10-644E-983F4251518C}.Release|Any CPU.ActiveCfg = Release|Any CPU
		{A5652A78-5ACE-5B10-644E-983F4251518C}.Release|Any CPU.Build.0 = Release|Any CPU
		{55E86334-AF6F-453E-963F-6774730F4350}.Debug|Any CPU.ActiveCfg = Debug|Any CPU
		{55E86334-AF6F-453E-963F-6774730F4350}.Debug|Any CPU.Build.0 = Debug|Any CPU
		{55E86334-AF6F-453E-963F-6774730F4350}.Release|Any CPU.ActiveCfg = Release|Any CPU
		{55E86334-AF6F-453E-963F-6774730F4350}.Release|Any CPU.Build.0 = Release|Any CPU
		{B1609F83-0779-0714-A59B-5619DF41A926}.Debug|Any CPU.ActiveCfg = Debug|Any CPU
		{B1609F83-0779-0714-A59B-5619DF41A926}.Debug|Any CPU.Build.0 = Debug|Any CPU
		{B1609F83-0779-0714-A59B-5619DF41A926}.Release|Any CPU.ActiveCfg = Release|Any CPU
		{B1609F83-0779-0714-A59B-5619DF41A926}.Release|Any CPU.Build.0 = Release|Any CPU
		{AF584C73-EFAB-684B-4B54-2C4ED332917D}.Debug|Any CPU.ActiveCfg = Debug|Any CPU
		{AF584C73-EFAB-684B-4B54-2C4ED332917D}.Debug|Any CPU.Build.0 = Debug|Any CPU
		{AF584C73-EFAB-684B-4B54-2C4ED332917D}.Release|Any CPU.ActiveCfg = Release|Any CPU
		{AF584C73-EFAB-684B-4B54-2C4ED332917D}.Release|Any CPU.Build.0 = Release|Any CPU
		{5C42FF70-4FF5-61AA-56CB-65A8C0893474}.Debug|Any CPU.ActiveCfg = Debug|Any CPU
		{5C42FF70-4FF5-61AA-56CB-65A8C0893474}.Debug|Any CPU.Build.0 = Debug|Any CPU
		{5C42FF70-4FF5-61AA-56CB-65A8C0893474}.Release|Any CPU.ActiveCfg = Release|Any CPU
		{5C42FF70-4FF5-61AA-56CB-65A8C0893474}.Release|Any CPU.Build.0 = Release|Any CPU
		{A584DF6F-5428-754E-3F8F-2CDC6125414D}.Debug|Any CPU.ActiveCfg = Debug|Any CPU
		{A584DF6F-5428-754E-3F8F-2CDC6125414D}.Debug|Any CPU.Build.0 = Debug|Any CPU
		{A584DF6F-5428-754E-3F8F-2CDC6125414D}.Release|Any CPU.ActiveCfg = Release|Any CPU
		{A584DF6F-5428-754E-3F8F-2CDC6125414D}.Release|Any CPU.Build.0 = Release|Any CPU
		{FA47C4B9-9B9E-7B8D-4590-528D159E9F25}.Debug|Any CPU.ActiveCfg = Debug|Any CPU
		{FA47C4B9-9B9E-7B8D-4590-528D159E9F25}.Debug|Any CPU.Build.0 = Debug|Any CPU
		{FA47C4B9-9B9E-7B8D-4590-528D159E9F25}.Release|Any CPU.ActiveCfg = Release|Any CPU
		{FA47C4B9-9B9E-7B8D-4590-528D159E9F25}.Release|Any CPU.Build.0 = Release|Any CPU
		{84994BD6-36E9-90D7-A3EE-9242A76C8454}.Debug|Any CPU.ActiveCfg = Debug|Any CPU
		{84994BD6-36E9-90D7-A3EE-9242A76C8454}.Debug|Any CPU.Build.0 = Debug|Any CPU
		{84994BD6-36E9-90D7-A3EE-9242A76C8454}.Release|Any CPU.ActiveCfg = Release|Any CPU
		{84994BD6-36E9-90D7-A3EE-9242A76C8454}.Release|Any CPU.Build.0 = Release|Any CPU
		{6BF2439C-FD7F-8AAE-4044-527139F1BA40}.Debug|Any CPU.ActiveCfg = Debug|Any CPU
		{6BF2439C-FD7F-8AAE-4044-527139F1BA40}.Debug|Any CPU.Build.0 = Debug|Any CPU
		{6BF2439C-FD7F-8AAE-4044-527139F1BA40}.Release|Any CPU.ActiveCfg = Release|Any CPU
		{6BF2439C-FD7F-8AAE-4044-527139F1BA40}.Release|Any CPU.Build.0 = Release|Any CPU
		{C52F731A-3436-38B8-EAD5-13AF9EE3B6BE}.Debug|Any CPU.ActiveCfg = Debug|Any CPU
		{C52F731A-3436-38B8-EAD5-13AF9EE3B6BE}.Debug|Any CPU.Build.0 = Debug|Any CPU
		{C52F731A-3436-38B8-EAD5-13AF9EE3B6BE}.Release|Any CPU.ActiveCfg = Release|Any CPU
		{C52F731A-3436-38B8-EAD5-13AF9EE3B6BE}.Release|Any CPU.Build.0 = Release|Any CPU
		{A9764636-1F74-139E-3882-51B092585AC9}.Debug|Any CPU.ActiveCfg = Debug|Any CPU
		{A9764636-1F74-139E-3882-51B092585AC9}.Debug|Any CPU.Build.0 = Debug|Any CPU
		{A9764636-1F74-139E-3882-51B092585AC9}.Release|Any CPU.ActiveCfg = Release|Any CPU
		{A9764636-1F74-139E-3882-51B092585AC9}.Release|Any CPU.Build.0 = Release|Any CPU
		{6ACCEFD5-1143-C8C6-45E0-30789308D540}.Debug|Any CPU.ActiveCfg = Debug|Any CPU
		{6ACCEFD5-1143-C8C6-45E0-30789308D540}.Debug|Any CPU.Build.0 = Debug|Any CPU
		{6ACCEFD5-1143-C8C6-45E0-30789308D540}.Release|Any CPU.ActiveCfg = Release|Any CPU
		{6ACCEFD5-1143-C8C6-45E0-30789308D540}.Release|Any CPU.Build.0 = Release|Any CPU
		{20EBAE19-39C0-67F6-9B8D-DEBFF22FC477}.Debug|Any CPU.ActiveCfg = Debug|Any CPU
		{20EBAE19-39C0-67F6-9B8D-DEBFF22FC477}.Debug|Any CPU.Build.0 = Debug|Any CPU
		{20EBAE19-39C0-67F6-9B8D-DEBFF22FC477}.Release|Any CPU.ActiveCfg = Release|Any CPU
		{20EBAE19-39C0-67F6-9B8D-DEBFF22FC477}.Release|Any CPU.Build.0 = Release|Any CPU
		{824A8EEA-71DF-BA88-CC4A-8FD8A1693CAF}.Debug|Any CPU.ActiveCfg = Debug|Any CPU
		{824A8EEA-71DF-BA88-CC4A-8FD8A1693CAF}.Debug|Any CPU.Build.0 = Debug|Any CPU
		{824A8EEA-71DF-BA88-CC4A-8FD8A1693CAF}.Release|Any CPU.ActiveCfg = Release|Any CPU
		{824A8EEA-71DF-BA88-CC4A-8FD8A1693CAF}.Release|Any CPU.Build.0 = Release|Any CPU
		{D6E4A0DF-50F6-F351-FA26-435E1543E75F}.Debug|Any CPU.ActiveCfg = Debug|Any CPU
		{D6E4A0DF-50F6-F351-FA26-435E1543E75F}.Debug|Any CPU.Build.0 = Debug|Any CPU
		{D6E4A0DF-50F6-F351-FA26-435E1543E75F}.Release|Any CPU.ActiveCfg = Release|Any CPU
		{D6E4A0DF-50F6-F351-FA26-435E1543E75F}.Release|Any CPU.Build.0 = Release|Any CPU
		{89F6BEDC-E58E-B590-8C67-364CF9F7EDD4}.Debug|Any CPU.ActiveCfg = Debug|Any CPU
		{89F6BEDC-E58E-B590-8C67-364CF9F7EDD4}.Debug|Any CPU.Build.0 = Debug|Any CPU
		{89F6BEDC-E58E-B590-8C67-364CF9F7EDD4}.Release|Any CPU.ActiveCfg = Release|Any CPU
		{89F6BEDC-E58E-B590-8C67-364CF9F7EDD4}.Release|Any CPU.Build.0 = Release|Any CPU
		{1DA527D1-3A3D-2AFF-8E35-F10D8ED8A33F}.Debug|Any CPU.ActiveCfg = Debug|Any CPU
		{1DA527D1-3A3D-2AFF-8E35-F10D8ED8A33F}.Debug|Any CPU.Build.0 = Debug|Any CPU
		{1DA527D1-3A3D-2AFF-8E35-F10D8ED8A33F}.Release|Any CPU.ActiveCfg = Release|Any CPU
		{1DA527D1-3A3D-2AFF-8E35-F10D8ED8A33F}.Release|Any CPU.Build.0 = Release|Any CPU
		{4D732EA0-7EF4-3EEC-FE31-A71894BFCF1B}.Debug|Any CPU.ActiveCfg = Debug|Any CPU
		{4D732EA0-7EF4-3EEC-FE31-A71894BFCF1B}.Debug|Any CPU.Build.0 = Debug|Any CPU
		{4D732EA0-7EF4-3EEC-FE31-A71894BFCF1B}.Release|Any CPU.ActiveCfg = Release|Any CPU
		{4D732EA0-7EF4-3EEC-FE31-A71894BFCF1B}.Release|Any CPU.Build.0 = Release|Any CPU
		{1DAFBAA1-CA92-92E5-1205-D02A95FE58A6}.Debug|Any CPU.ActiveCfg = Debug|Any CPU
		{1DAFBAA1-CA92-92E5-1205-D02A95FE58A6}.Debug|Any CPU.Build.0 = Debug|Any CPU
		{1DAFBAA1-CA92-92E5-1205-D02A95FE58A6}.Release|Any CPU.ActiveCfg = Release|Any CPU
		{1DAFBAA1-CA92-92E5-1205-D02A95FE58A6}.Release|Any CPU.Build.0 = Release|Any CPU
		{9AD20DF3-9E4C-D8A0-4648-FB8BB30BB872}.Debug|Any CPU.ActiveCfg = Debug|Any CPU
		{9AD20DF3-9E4C-D8A0-4648-FB8BB30BB872}.Debug|Any CPU.Build.0 = Debug|Any CPU
		{9AD20DF3-9E4C-D8A0-4648-FB8BB30BB872}.Release|Any CPU.ActiveCfg = Release|Any CPU
		{9AD20DF3-9E4C-D8A0-4648-FB8BB30BB872}.Release|Any CPU.Build.0 = Release|Any CPU
		{6BDCD6B7-00EE-88E9-0173-3F3272E11691}.Debug|Any CPU.ActiveCfg = Debug|Any CPU
		{6BDCD6B7-00EE-88E9-0173-3F3272E11691}.Debug|Any CPU.Build.0 = Debug|Any CPU
		{6BDCD6B7-00EE-88E9-0173-3F3272E11691}.Release|Any CPU.ActiveCfg = Release|Any CPU
		{6BDCD6B7-00EE-88E9-0173-3F3272E11691}.Release|Any CPU.Build.0 = Release|Any CPU
		{A95640B4-DD93-C4B9-4293-DFF85083B21A}.Debug|Any CPU.ActiveCfg = Debug|Any CPU
		{A95640B4-DD93-C4B9-4293-DFF85083B21A}.Debug|Any CPU.Build.0 = Debug|Any CPU
		{A95640B4-DD93-C4B9-4293-DFF85083B21A}.Release|Any CPU.ActiveCfg = Release|Any CPU
		{A95640B4-DD93-C4B9-4293-DFF85083B21A}.Release|Any CPU.Build.0 = Release|Any CPU
		{3BC70749-CECE-1C58-94E0-98AF884CD52D}.Debug|Any CPU.ActiveCfg = Debug|Any CPU
		{3BC70749-CECE-1C58-94E0-98AF884CD52D}.Debug|Any CPU.Build.0 = Debug|Any CPU
		{3BC70749-CECE-1C58-94E0-98AF884CD52D}.Release|Any CPU.ActiveCfg = Release|Any CPU
		{3BC70749-CECE-1C58-94E0-98AF884CD52D}.Release|Any CPU.Build.0 = Release|Any CPU
		{4921D911-E990-FDEF-39EF-2A2AF382DDA5}.Debug|Any CPU.ActiveCfg = Debug|Any CPU
		{4921D911-E990-FDEF-39EF-2A2AF382DDA5}.Debug|Any CPU.Build.0 = Debug|Any CPU
		{4921D911-E990-FDEF-39EF-2A2AF382DDA5}.Release|Any CPU.ActiveCfg = Release|Any CPU
		{4921D911-E990-FDEF-39EF-2A2AF382DDA5}.Release|Any CPU.Build.0 = Release|Any CPU
		{8D3D8462-66A8-4E52-5367-009FF4664137}.Debug|Any CPU.ActiveCfg = Debug|Any CPU
		{8D3D8462-66A8-4E52-5367-009FF4664137}.Debug|Any CPU.Build.0 = Debug|Any CPU
		{8D3D8462-66A8-4E52-5367-009FF4664137}.Release|Any CPU.ActiveCfg = Release|Any CPU
		{8D3D8462-66A8-4E52-5367-009FF4664137}.Release|Any CPU.Build.0 = Release|Any CPU
		{E64431E8-A5FD-AE8F-8180-E86BD9396023}.Debug|Any CPU.ActiveCfg = Debug|Any CPU
		{E64431E8-A5FD-AE8F-8180-E86BD9396023}.Debug|Any CPU.Build.0 = Debug|Any CPU
		{E64431E8-A5FD-AE8F-8180-E86BD9396023}.Release|Any CPU.ActiveCfg = Release|Any CPU
		{E64431E8-A5FD-AE8F-8180-E86BD9396023}.Release|Any CPU.Build.0 = Release|Any CPU
		{FF84FAD2-376A-3E4C-B8D7-346BE252902D}.Debug|Any CPU.ActiveCfg = Debug|Any CPU
		{FF84FAD2-376A-3E4C-B8D7-346BE252902D}.Debug|Any CPU.Build.0 = Debug|Any CPU
		{FF84FAD2-376A-3E4C-B8D7-346BE252902D}.Release|Any CPU.ActiveCfg = Release|Any CPU
		{FF84FAD2-376A-3E4C-B8D7-346BE252902D}.Release|Any CPU.Build.0 = Release|Any CPU
		{52231E2C-BCF9-C108-052C-14D33F1AE2F9}.Debug|Any CPU.ActiveCfg = Debug|Any CPU
		{52231E2C-BCF9-C108-052C-14D33F1AE2F9}.Debug|Any CPU.Build.0 = Debug|Any CPU
		{52231E2C-BCF9-C108-052C-14D33F1AE2F9}.Release|Any CPU.ActiveCfg = Release|Any CPU
		{52231E2C-BCF9-C108-052C-14D33F1AE2F9}.Release|Any CPU.Build.0 = Release|Any CPU
		{00ED2A4F-1D31-4973-9007-DA9DF05C7E18}.Debug|Any CPU.ActiveCfg = Debug|Any CPU
		{00ED2A4F-1D31-4973-9007-DA9DF05C7E18}.Debug|Any CPU.Build.0 = Debug|Any CPU
		{00ED2A4F-1D31-4973-9007-DA9DF05C7E18}.Release|Any CPU.ActiveCfg = Release|Any CPU
		{00ED2A4F-1D31-4973-9007-DA9DF05C7E18}.Release|Any CPU.Build.0 = Release|Any CPU
		{C2F5A221-E863-5CE4-8DE4-E4CB3AA56D49}.Debug|Any CPU.ActiveCfg = Debug|Any CPU
		{C2F5A221-E863-5CE4-8DE4-E4CB3AA56D49}.Debug|Any CPU.Build.0 = Debug|Any CPU
		{C2F5A221-E863-5CE4-8DE4-E4CB3AA56D49}.Release|Any CPU.ActiveCfg = Release|Any CPU
		{C2F5A221-E863-5CE4-8DE4-E4CB3AA56D49}.Release|Any CPU.Build.0 = Release|Any CPU
		{9349F69F-3DE1-6965-F51E-016F5F3EFE66}.Debug|Any CPU.ActiveCfg = Debug|Any CPU
		{9349F69F-3DE1-6965-F51E-016F5F3EFE66}.Debug|Any CPU.Build.0 = Debug|Any CPU
		{9349F69F-3DE1-6965-F51E-016F5F3EFE66}.Release|Any CPU.ActiveCfg = Release|Any CPU
		{9349F69F-3DE1-6965-F51E-016F5F3EFE66}.Release|Any CPU.Build.0 = Release|Any CPU
		{AD67D964-D561-ECA9-4ADE-92EC516B3DF4}.Debug|Any CPU.ActiveCfg = Debug|Any CPU
		{AD67D964-D561-ECA9-4ADE-92EC516B3DF4}.Debug|Any CPU.Build.0 = Debug|Any CPU
		{AD67D964-D561-ECA9-4ADE-92EC516B3DF4}.Release|Any CPU.ActiveCfg = Release|Any CPU
		{AD67D964-D561-ECA9-4ADE-92EC516B3DF4}.Release|Any CPU.Build.0 = Release|Any CPU
		{5E3FDBDD-F9EE-C94A-4E28-03E6E58BF94B}.Debug|Any CPU.ActiveCfg = Debug|Any CPU
		{5E3FDBDD-F9EE-C94A-4E28-03E6E58BF94B}.Debug|Any CPU.Build.0 = Debug|Any CPU
		{5E3FDBDD-F9EE-C94A-4E28-03E6E58BF94B}.Release|Any CPU.ActiveCfg = Release|Any CPU
		{5E3FDBDD-F9EE-C94A-4E28-03E6E58BF94B}.Release|Any CPU.Build.0 = Release|Any CPU
		{0F433843-07BA-6586-D3C3-FD8126E29965}.Debug|Any CPU.ActiveCfg = Debug|Any CPU
		{0F433843-07BA-6586-D3C3-FD8126E29965}.Debug|Any CPU.Build.0 = Debug|Any CPU
		{0F433843-07BA-6586-D3C3-FD8126E29965}.Release|Any CPU.ActiveCfg = Release|Any CPU
		{0F433843-07BA-6586-D3C3-FD8126E29965}.Release|Any CPU.Build.0 = Release|Any CPU
		{A596A538-0D8E-7B94-A304-4BB933CF684E}.Debug|Any CPU.ActiveCfg = Debug|Any CPU
		{A596A538-0D8E-7B94-A304-4BB933CF684E}.Debug|Any CPU.Build.0 = Debug|Any CPU
		{A596A538-0D8E-7B94-A304-4BB933CF684E}.Release|Any CPU.ActiveCfg = Release|Any CPU
		{A596A538-0D8E-7B94-A304-4BB933CF684E}.Release|Any CPU.Build.0 = Release|Any CPU
		{43200477-E649-3B34-E374-D34527380F45}.Debug|Any CPU.ActiveCfg = Debug|Any CPU
		{43200477-E649-3B34-E374-D34527380F45}.Debug|Any CPU.Build.0 = Debug|Any CPU
		{43200477-E649-3B34-E374-D34527380F45}.Release|Any CPU.ActiveCfg = Release|Any CPU
		{43200477-E649-3B34-E374-D34527380F45}.Release|Any CPU.Build.0 = Release|Any CPU
		{84CC8AB7-A248-9AE7-1424-7A3FC036C97F}.Debug|Any CPU.ActiveCfg = Debug|Any CPU
		{84CC8AB7-A248-9AE7-1424-7A3FC036C97F}.Debug|Any CPU.Build.0 = Debug|Any CPU
		{84CC8AB7-A248-9AE7-1424-7A3FC036C97F}.Release|Any CPU.ActiveCfg = Release|Any CPU
		{84CC8AB7-A248-9AE7-1424-7A3FC036C97F}.Release|Any CPU.Build.0 = Release|Any CPU
		{B62BFCB8-E75D-4429-ED15-ABFCA6548D89}.Debug|Any CPU.ActiveCfg = Debug|Any CPU
		{B62BFCB8-E75D-4429-ED15-ABFCA6548D89}.Debug|Any CPU.Build.0 = Debug|Any CPU
		{B62BFCB8-E75D-4429-ED15-ABFCA6548D89}.Release|Any CPU.ActiveCfg = Release|Any CPU
		{B62BFCB8-E75D-4429-ED15-ABFCA6548D89}.Release|Any CPU.Build.0 = Release|Any CPU
		{0093CED0-4B2E-572D-7548-0F3739295DE4}.Debug|Any CPU.ActiveCfg = Debug|Any CPU
		{0093CED0-4B2E-572D-7548-0F3739295DE4}.Debug|Any CPU.Build.0 = Debug|Any CPU
		{0093CED0-4B2E-572D-7548-0F3739295DE4}.Release|Any CPU.ActiveCfg = Release|Any CPU
		{0093CED0-4B2E-572D-7548-0F3739295DE4}.Release|Any CPU.Build.0 = Release|Any CPU
		{8D1F162D-D833-438B-1A59-BC6DB03E6FDF}.Debug|Any CPU.ActiveCfg = Debug|Any CPU
		{8D1F162D-D833-438B-1A59-BC6DB03E6FDF}.Debug|Any CPU.Build.0 = Debug|Any CPU
		{8D1F162D-D833-438B-1A59-BC6DB03E6FDF}.Release|Any CPU.ActiveCfg = Release|Any CPU
		{8D1F162D-D833-438B-1A59-BC6DB03E6FDF}.Release|Any CPU.Build.0 = Release|Any CPU
		{EA180602-F7A6-86E0-FB1E-A6A9B98E7709}.Debug|Any CPU.ActiveCfg = Debug|Any CPU
		{EA180602-F7A6-86E0-FB1E-A6A9B98E7709}.Debug|Any CPU.Build.0 = Debug|Any CPU
		{EA180602-F7A6-86E0-FB1E-A6A9B98E7709}.Release|Any CPU.ActiveCfg = Release|Any CPU
		{EA180602-F7A6-86E0-FB1E-A6A9B98E7709}.Release|Any CPU.Build.0 = Release|Any CPU
		{9249546A-70E4-3053-8B32-3956290CC123}.Debug|Any CPU.ActiveCfg = Debug|Any CPU
		{9249546A-70E4-3053-8B32-3956290CC123}.Debug|Any CPU.Build.0 = Debug|Any CPU
		{9249546A-70E4-3053-8B32-3956290CC123}.Release|Any CPU.ActiveCfg = Release|Any CPU
		{9249546A-70E4-3053-8B32-3956290CC123}.Release|Any CPU.Build.0 = Release|Any CPU
		{8ADA463F-7A6B-FB35-0C25-E57A4B62576E}.Debug|Any CPU.ActiveCfg = Debug|Any CPU
		{8ADA463F-7A6B-FB35-0C25-E57A4B62576E}.Debug|Any CPU.Build.0 = Debug|Any CPU
		{8ADA463F-7A6B-FB35-0C25-E57A4B62576E}.Release|Any CPU.ActiveCfg = Release|Any CPU
		{8ADA463F-7A6B-FB35-0C25-E57A4B62576E}.Release|Any CPU.Build.0 = Release|Any CPU
		{67374097-016D-915F-CC64-285962E9CE60}.Debug|Any CPU.ActiveCfg = Debug|Any CPU
		{67374097-016D-915F-CC64-285962E9CE60}.Debug|Any CPU.Build.0 = Debug|Any CPU
		{67374097-016D-915F-CC64-285962E9CE60}.Release|Any CPU.ActiveCfg = Release|Any CPU
		{67374097-016D-915F-CC64-285962E9CE60}.Release|Any CPU.Build.0 = Release|Any CPU
		{3D0EF91B-9A89-8030-81A8-7FDFA75FE573}.Debug|Any CPU.ActiveCfg = Debug|Any CPU
		{3D0EF91B-9A89-8030-81A8-7FDFA75FE573}.Debug|Any CPU.Build.0 = Debug|Any CPU
		{3D0EF91B-9A89-8030-81A8-7FDFA75FE573}.Release|Any CPU.ActiveCfg = Release|Any CPU
		{3D0EF91B-9A89-8030-81A8-7FDFA75FE573}.Release|Any CPU.Build.0 = Release|Any CPU
		{065A2F0C-6BC3-FCAF-DD45-A03199440C11}.Debug|Any CPU.ActiveCfg = Debug|Any CPU
		{065A2F0C-6BC3-FCAF-DD45-A03199440C11}.Debug|Any CPU.Build.0 = Debug|Any CPU
		{065A2F0C-6BC3-FCAF-DD45-A03199440C11}.Release|Any CPU.ActiveCfg = Release|Any CPU
		{065A2F0C-6BC3-FCAF-DD45-A03199440C11}.Release|Any CPU.Build.0 = Release|Any CPU
		{3A2C316A-FCD1-07B2-445E-1ACF398A9808}.Debug|Any CPU.ActiveCfg = Debug|Any CPU
		{3A2C316A-FCD1-07B2-445E-1ACF398A9808}.Debug|Any CPU.Build.0 = Debug|Any CPU
		{3A2C316A-FCD1-07B2-445E-1ACF398A9808}.Release|Any CPU.ActiveCfg = Release|Any CPU
		{3A2C316A-FCD1-07B2-445E-1ACF398A9808}.Release|Any CPU.Build.0 = Release|Any CPU
	EndGlobalSection
	GlobalSection(SolutionProperties) = preSolution
		HideSolutionNode = FALSE
	EndGlobalSection
EndGlobal
